
Microsoft Visual Studio Solution File, Format Version 12.00
# Visual Studio Version 18
VisualStudioVersion = 18.1.11312.151
MinimumVisualStudioVersion = 10.0.40219.1
Project("{2150E333-8FDC-42A3-9474-1A3956D46DE8}") = "Solution Items", "Solution Items", "{D1E2F3A4-B5C6-4D7E-8F9A-0B1C2D3E4F5A}"
	ProjectSection(SolutionItems) = preProject
		.editorconfig = .editorconfig
		.gitattributes = .gitattributes
		.gitignore = .gitignore
		docs\CHANGELOG.md = docs\CHANGELOG.md
		CODE_OF_CONDUCT.md = CODE_OF_CONDUCT.md
		CONTRIBUTING.md = CONTRIBUTING.md
		Directory.Build.props = Directory.Build.props
		LICENSE = LICENSE
		README.md = README.md
		SharpCoreDB.jpg = SharpCoreDB.jpg
	EndProjectSection
EndProject
Project("{2150E333-8FDC-42A3-9474-1A3956D46DE8}") = "src", "src", "{F8B5E3A4-1C2D-4E5F-8B9A-1D2E3F4A5B6C}"
EndProject
Project("{2150E333-8FDC-42A3-9474-1A3956D46DE8}") = "tests", "tests", "{A1B2C3D4-E5F6-4A7B-8C9D-0E1F2A3B4C5D}"
EndProject
Project("{2150E333-8FDC-42A3-9474-1A3956D46DE8}") = "tools", "tools", "{B2C3D4E5-F6A7-4B8C-9D0E-1F2A3B4C5D6E}"
EndProject
Project("{FAE04EC0-301F-11D3-BF4B-00C04F79EFBC}") = "SharpCoreDB", "src\SharpCoreDB\SharpCoreDB.csproj", "{9AFD56B5-70A0-475C-B6DA-A664A56ECC66}"
EndProject
Project("{FAE04EC0-301F-11D3-BF4B-00C04F79EFBC}") = "SharpCoreDB.Extensions", "src\SharpCoreDB.Extensions\SharpCoreDB.Extensions.csproj", "{548DFC3C-950F-4359-93C4-D6DA4707B37A}"
EndProject
Project("{FAE04EC0-301F-11D3-BF4B-00C04F79EFBC}") = "SharpCoreDB.Data.Provider", "src\SharpCoreDB.Data.Provider\SharpCoreDB.Data.Provider.csproj", "{8DA6C965-F222-48BF-928F-C6F0FD2D4433}"
EndProject
Project("{FAE04EC0-301F-11D3-BF4B-00C04F79EFBC}") = "SharpCoreDB.EntityFrameworkCore", "src\SharpCoreDB.EntityFrameworkCore\SharpCoreDB.EntityFrameworkCore.csproj", "{2DAABC34-8736-4CAC-B80B-9CD070651121}"
EndProject
Project("{FAE04EC0-301F-11D3-BF4B-00C04F79EFBC}") = "SharpCoreDB.Serilog.Sinks", "src\SharpCoreDB.Serilog.Sinks\SharpCoreDB.Serilog.Sinks.csproj", "{A1B2C3D4-5E6F-7A8B-9C0D-1E2F3A4B5C6D}"
EndProject
Project("{FAE04EC0-301F-11D3-BF4B-00C04F79EFBC}") = "SharpCoreDB.Tests", "tests\SharpCoreDB.Tests\SharpCoreDB.Tests.csproj", "{66819D42-F288-415E-B1F1-3AE9F0C0828E}"
EndProject
Project("{FAE04EC0-301F-11D3-BF4B-00C04F79EFBC}") = "SharpCoreDB.Benchmarks", "tests\SharpCoreDB.Benchmarks\SharpCoreDB.Benchmarks.csproj", "{18882927-196A-48FB-8F9A-1E0823DA02A4}"
EndProject
Project("{FAE04EC0-301F-11D3-BF4B-00C04F79EFBC}") = "SharpCoreDB.Profiling", "tests\SharpCoreDB.Profiling\SharpCoreDB.Profiling.csproj", "{C1D2E3F4-5A6B-7C8D-9E0F-1A2B3C4D5E6F}"
EndProject
Project("{FAE04EC0-301F-11D3-BF4B-00C04F79EFBC}") = "SharpCoreDB.Viewer", "tools\SharpCoreDB.Viewer\SharpCoreDB.Viewer.csproj", "{D4E757D1-D022-4624-B3E1-64262FA0C55F}"
EndProject
Project("{FAE04EC0-301F-11D3-BF4B-00C04F79EFBC}") = "SharpCoreDB.Demo", "tools\SharpCoreDB.Demo\SharpCoreDB.Demo.csproj", "{33770ED3-9D15-474F-9D05-0B9A651FC8E6}"
EndProject
Project("{FAE04EC0-301F-11D3-BF4B-00C04F79EFBC}") = "SharpCoreDB.DebugBenchmark", "tools\SharpCoreDB.DebugBenchmark\SharpCoreDB.DebugBenchmark.csproj", "{E1F2A3B4-C5D6-7E8F-9A0B-1C2D3E4F5A6B}"
EndProject
Project("{FAE04EC0-301F-11D3-BF4B-00C04F79EFBC}") = "SharpCoreDB.DemoJoinsSubQ", "tests\SharpCoreDB.DemoJoinsSubQ\SharpCoreDB.DemoJoinsSubQ.csproj", "{D370F1C9-A05E-44A8-6505-DBE4CB6642F7}"
EndProject
Project("{2150E333-8FDC-42A3-9474-1A3956D46DE8}") = "Examples", "Examples", "{2F8A8533-DAA8-4CF9-A6C0-2F663AF7FD2E}"
EndProject
Project("{2150E333-8FDC-42A3-9474-1A3956D46DE8}") = "Desktop", "Desktop", "{F4AC329D-E0EF-4EC6-A21B-DD74A344A3A5}"
EndProject
Project("{2150E333-8FDC-42A3-9474-1A3956D46DE8}") = "Web", "Web", "{50B921FA-F081-4B7B-A8E0-AF3DCC098CCC}"
EndProject
Project("{2150E333-8FDC-42A3-9474-1A3956D46DE8}") = "Mobile", "Mobile", "{1988D03B-D0E7-48E6-B34E-DA0CC959D173}"
EndProject
Project("{FAE04EC0-301F-11D3-BF4B-00C04F79EFBC}") = "SharpCoreDB.Provider.YesSql", "src\SharpCoreDB.Provider.YesSql\SharpCoreDB.Provider.YesSql.csproj", "{E033DAF5-4741-423A-B3CD-37D60FBD93ED}"
EndProject
Project("{2150E333-8FDC-42A3-9474-1A3956D46DE8}") = "OrchardCore", "OrchardCore", "{A3546A87-CE5C-44A8-84EE-B5FA96737516}"
EndProject
Project("{2150E333-8FDC-42A3-9474-1A3956D46DE8}") = "SharpCoreDb.Orchardcore", "SharpCoreDb.Orchardcore", "{B8EFDB5D-C99E-47D5-91E7-251915885AF0}"
EndProject
Project("{FAE04EC0-301F-11D3-BF4B-00C04F79EFBC}") = "SharpCoreDb.Orchardcore", "Examples\Web\Orchardcore\SharpCoreDb.Orchardcore\SharpCoreDb.Orchardcore.csproj", "{11359F89-59B7-E251-FC8F-D8A95313CA91}"
EndProject
Project("{FAE04EC0-301F-11D3-BF4B-00C04F79EFBC}") = "SharpCoreDB.Examples.TimeSeries", "Examples\Desktop\SharpCoreDB.Examples.TimeSeries\SharpCoreDB.Examples.TimeSeries.csproj", "{A0C49171-D013-CE79-41C2-2B01E3F6E0BF}"
EndProject
Project("{2150E333-8FDC-42A3-9474-1A3956D46DE8}") = "Snippets", "Snippets", "{53FBF8A2-0A92-44AD-9CD0-4FBDF7F62C9B}"
EndProject
Project("{FAE04EC0-301F-11D3-BF4B-00C04F79EFBC}") = "RefFieldDemo", "tests\Manual\RefFieldDemo\RefFieldDemo.csproj", "{800EBE19-FE8B-EBD4-D5F7-AFB27C1755A0}"
EndProject
Project("{FAE04EC0-301F-11D3-BF4B-00C04F79EFBC}") = "SharpCoreDB.VectorSearch", "src\SharpCoreDB.VectorSearch\SharpCoreDB.VectorSearch.csproj", "{5E39577A-E286-45E9-9801-E8DC8F81ED7D}"
EndProject
Project("{FAE04EC0-301F-11D3-BF4B-00C04F79EFBC}") = "SharpCoreDB.VectorSearch.Tests", "tests\SharpCoreDB.VectorSearch.Tests\SharpCoreDB.VectorSearch.Tests.csproj", "{A55A128B-6E04-4FC5-A3FF-6F05F111FECA}"
EndProject
Project("{FAE04EC0-301F-11D3-BF4B-00C04F79EFBC}") = "SharpCoreDB.Graph", "src\SharpCoreDB.Graph\SharpCoreDB.Graph.csproj", "{2EC01CCD-F0B2-8532-CA9A-39C43D04299C}"
EndProject
Project("{FAE04EC0-301F-11D3-BF4B-00C04F79EFBC}") = "SharpCoreDB.EntityFrameworkCore.Tests", "tests\SharpCoreDB.EntityFrameworkCore.Tests\SharpCoreDB.EntityFrameworkCore.Tests.csproj", "{191F9E9C-F6D0-4E53-AFBC-FE3408929B22}"
EndProject
Project("{FAE04EC0-301F-11D3-BF4B-00C04F79EFBC}") = "SharpCoreDB.Analytics", "src\SharpCoreDB.Analytics\SharpCoreDB.Analytics.csproj", "{B69161E1-B817-4AC6-80C9-1573921AD92E}"
EndProject
Project("{FAE04EC0-301F-11D3-BF4B-00C04F79EFBC}") = "SharpCoreDB.Provider.Sync", "src\SharpCoreDB.Provider.Sync\SharpCoreDB.Provider.Sync.csproj", "{EE24D42F-2F9B-46E2-9553-52F593778DB4}"
EndProject
Project("{FAE04EC0-301F-11D3-BF4B-00C04F79EFBC}") = "SharpCoreDB.Provider.Sync.Tests", "tests\SharpCoreDB.Provider.Sync.Tests\SharpCoreDB.Provider.Sync.Tests.csproj", "{86817894-A846-48B1-9A96-E873B7E60B84}"
EndProject
Project("{FAE04EC0-301F-11D3-BF4B-00C04F79EFBC}") = "SharpCoreDB.Distributed", "src\SharpCoreDB.Distributed\SharpCoreDB.Distributed.csproj", "{6C810140-12F9-C7E1-0BB3-7DDC66CD16A8}"
EndProject
Project("{FAE04EC0-301F-11D3-BF4B-00C04F79EFBC}") = "SharpCoreDB.Server", "src\SharpCoreDB.Server\SharpCoreDB.Server.csproj", "{BA9BD85D-33BD-49F8-B90D-5B0D280E6596}"
EndProject
Project("{FAE04EC0-301F-11D3-BF4B-00C04F79EFBC}") = "SharpCoreDB.Server.Core", "src\SharpCoreDB.Server.Core\SharpCoreDB.Server.Core.csproj", "{1D334C96-BFBA-46EC-9A2B-AA5E90C41E57}"
EndProject
Project("{FAE04EC0-301F-11D3-BF4B-00C04F79EFBC}") = "SharpCoreDB.Server.Protocol", "src\SharpCoreDB.Server.Protocol\SharpCoreDB.Server.Protocol.csproj", "{DD477170-9204-4E0C-B161-B8922B1BE4FB}"
EndProject
Project("{FAE04EC0-301F-11D3-BF4B-00C04F79EFBC}") = "SharpCoreDB.EventSourcing", "src\SharpCoreDB.EventSourcing\SharpCoreDB.EventSourcing.csproj", "{8C3F4AB3-AA77-4FAD-AFBA-3AFA8A6CB1D2}"
EndProject
Project("{FAE04EC0-301F-11D3-BF4B-00C04F79EFBC}") = "SharpCoreDB.EventSourcing.Tests", "tests\SharpCoreDB.EventSourcing.Tests\SharpCoreDB.EventSourcing.Tests.csproj", "{9617538E-A35A-46EB-BD0F-31BCB3F4FA88}"
EndProject
Project("{2150E333-8FDC-42A3-9474-1A3956D46DE8}") = "benchmarks", "benchmarks", "{ADE64136-A476-B27C-8EC3-F370E4C13F04}"
EndProject
Project("{FAE04EC0-301F-11D3-BF4B-00C04F79EFBC}") = "SharpCoreDB.Benchmarks", "tests\benchmarks\SharpCoreDB.Benchmarks\SharpCoreDB.Benchmarks.csproj", "{1C10B684-44DF-4130-9DD7-AEE00B856F47}"
EndProject
Project("{2150E333-8FDC-42A3-9474-1A3956D46DE8}") = "EventSourcing", "EventSourcing", "{7203E46C-8DA4-FAC9-E59A-991D88538166}"
EndProject
Project("{FAE04EC0-301F-11D3-BF4B-00C04F79EFBC}") = "OrderManagement", "examples\EventSourcing\OrderManagement\OrderManagement.csproj", "{5FF09D0D-10A3-4297-8BAC-D35EF71AB9F2}"
EndProject
Project("{FAE04EC0-301F-11D3-BF4B-00C04F79EFBC}") = "OrderManagement.Tests", "examples\EventSourcing\OrderManagement.Tests\OrderManagement.Tests.csproj", "{39A7A1C0-D389-4064-834E-13A534B3AA06}"
EndProject
Global
	GlobalSection(SolutionConfigurationPlatforms) = preSolution
		Debug|Any CPU = Debug|Any CPU
		Debug|x64 = Debug|x64
		Debug|x86 = Debug|x86
		Release|Any CPU = Release|Any CPU
		Release|x64 = Release|x64
		Release|x86 = Release|x86
	EndGlobalSection
	GlobalSection(ProjectConfigurationPlatforms) = postSolution
		{9AFD56B5-70A0-475C-B6DA-A664A56ECC66}.Debug|Any CPU.ActiveCfg = Debug|Any CPU
		{9AFD56B5-70A0-475C-B6DA-A664A56ECC66}.Debug|Any CPU.Build.0 = Debug|Any CPU
		{9AFD56B5-70A0-475C-B6DA-A664A56ECC66}.Debug|x64.ActiveCfg = Debug|Any CPU
		{9AFD56B5-70A0-475C-B6DA-A664A56ECC66}.Debug|x64.Build.0 = Debug|Any CPU
		{9AFD56B5-70A0-475C-B6DA-A664A56ECC66}.Debug|x86.ActiveCfg = Debug|Any CPU
		{9AFD56B5-70A0-475C-B6DA-A664A56ECC66}.Debug|x86.Build.0 = Debug|Any CPU
		{9AFD56B5-70A0-475C-B6DA-A664A56ECC66}.Release|Any CPU.ActiveCfg = Release|Any CPU
		{9AFD56B5-70A0-475C-B6DA-A664A56ECC66}.Release|Any CPU.Build.0 = Release|Any CPU
		{9AFD56B5-70A0-475C-B6DA-A664A56ECC66}.Release|x64.ActiveCfg = Release|Any CPU
		{9AFD56B5-70A0-475C-B6DA-A664A56ECC66}.Release|x64.Build.0 = Release|Any CPU
		{9AFD56B5-70A0-475C-B6DA-A664A56ECC66}.Release|x86.ActiveCfg = Release|Any CPU
		{9AFD56B5-70A0-475C-B6DA-A664A56ECC66}.Release|x86.Build.0 = Release|Any CPU
		{548DFC3C-950F-4359-93C4-D6DA4707B37A}.Debug|Any CPU.ActiveCfg = Debug|Any CPU
		{548DFC3C-950F-4359-93C4-D6DA4707B37A}.Debug|Any CPU.Build.0 = Debug|Any CPU
		{548DFC3C-950F-4359-93C4-D6DA4707B37A}.Debug|x64.ActiveCfg = Debug|Any CPU
		{548DFC3C-950F-4359-93C4-D6DA4707B37A}.Debug|x64.Build.0 = Debug|Any CPU
		{548DFC3C-950F-4359-93C4-D6DA4707B37A}.Debug|x86.ActiveCfg = Debug|Any CPU
		{548DFC3C-950F-4359-93C4-D6DA4707B37A}.Debug|x86.Build.0 = Debug|Any CPU
		{548DFC3C-950F-4359-93C4-D6DA4707B37A}.Release|Any CPU.ActiveCfg = Release|Any CPU
		{548DFC3C-950F-4359-93C4-D6DA4707B37A}.Release|Any CPU.Build.0 = Release|Any CPU
		{548DFC3C-950F-4359-93C4-D6DA4707B37A}.Release|x64.ActiveCfg = Release|Any CPU
		{548DFC3C-950F-4359-93C4-D6DA4707B37A}.Release|x64.Build.0 = Release|Any CPU
		{548DFC3C-950F-4359-93C4-D6DA4707B37A}.Release|x86.ActiveCfg = Release|Any CPU
		{548DFC3C-950F-4359-93C4-D6DA4707B37A}.Release|x86.Build.0 = Release|Any CPU
		{8DA6C965-F222-48BF-928F-C6F0FD2D4433}.Debug|Any CPU.ActiveCfg = Debug|Any CPU
		{8DA6C965-F222-48BF-928F-C6F0FD2D4433}.Debug|Any CPU.Build.0 = Debug|Any CPU
		{8DA6C965-F222-48BF-928F-C6F0FD2D4433}.Debug|x64.ActiveCfg = Debug|Any CPU
		{8DA6C965-F222-48BF-928F-C6F0FD2D4433}.Debug|x64.Build.0 = Debug|Any CPU
		{8DA6C965-F222-48BF-928F-C6F0FD2D4433}.Debug|x86.ActiveCfg = Debug|Any CPU
		{8DA6C965-F222-48BF-928F-C6F0FD2D4433}.Debug|x86.Build.0 = Debug|Any CPU
		{8DA6C965-F222-48BF-928F-C6F0FD2D4433}.Release|Any CPU.ActiveCfg = Release|Any CPU
		{8DA6C965-F222-48BF-928F-C6F0FD2D4433}.Release|Any CPU.Build.0 = Release|Any CPU
		{8DA6C965-F222-48BF-928F-C6F0FD2D4433}.Release|x64.ActiveCfg = Release|Any CPU
		{8DA6C965-F222-48BF-928F-C6F0FD2D4433}.Release|x64.Build.0 = Release|Any CPU
		{8DA6C965-F222-48BF-928F-C6F0FD2D4433}.Release|x86.ActiveCfg = Release|Any CPU
		{8DA6C965-F222-48BF-928F-C6F0FD2D4433}.Release|x86.Build.0 = Release|Any CPU
		{2DAABC34-8736-4CAC-B80B-9CD070651121}.Debug|Any CPU.ActiveCfg = Debug|Any CPU
		{2DAABC34-8736-4CAC-B80B-9CD070651121}.Debug|Any CPU.Build.0 = Debug|Any CPU
		{2DAABC34-8736-4CAC-B80B-9CD070651121}.Debug|x64.ActiveCfg = Debug|Any CPU
		{2DAABC34-8736-4CAC-B80B-9CD070651121}.Debug|x64.Build.0 = Debug|Any CPU
		{2DAABC34-8736-4CAC-B80B-9CD070651121}.Debug|x86.ActiveCfg = Debug|Any CPU
		{2DAABC34-8736-4CAC-B80B-9CD070651121}.Debug|x86.Build.0 = Debug|Any CPU
		{2DAABC34-8736-4CAC-B80B-9CD070651121}.Release|Any CPU.ActiveCfg = Release|Any CPU
		{2DAABC34-8736-4CAC-B80B-9CD070651121}.Release|Any CPU.Build.0 = Release|Any CPU
		{2DAABC34-8736-4CAC-B80B-9CD070651121}.Release|x64.ActiveCfg = Release|Any CPU
		{2DAABC34-8736-4CAC-B80B-9CD070651121}.Release|x64.Build.0 = Release|Any CPU
		{2DAABC34-8736-4CAC-B80B-9CD070651121}.Release|x86.ActiveCfg = Release|Any CPU
		{2DAABC34-8736-4CAC-B80B-9CD070651121}.Release|x86.Build.0 = Release|Any CPU
		{A1B2C3D4-5E6F-7A8B-9C0D-1E2F3A4B5C6D}.Debug|Any CPU.ActiveCfg = Debug|Any CPU
		{A1B2C3D4-5E6F-7A8B-9C0D-1E2F3A4B5C6D}.Debug|Any CPU.Build.0 = Debug|Any CPU
		{A1B2C3D4-5E6F-7A8B-9C0D-1E2F3A4B5C6D}.Debug|x64.ActiveCfg = Debug|Any CPU
		{A1B2C3D4-5E6F-7A8B-9C0D-1E2F3A4B5C6D}.Debug|x64.Build.0 = Debug|Any CPU
		{A1B2C3D4-5E6F-7A8B-9C0D-1E2F3A4B5C6D}.Debug|x86.ActiveCfg = Debug|Any CPU
		{A1B2C3D4-5E6F-7A8B-9C0D-1E2F3A4B5C6D}.Debug|x86.Build.0 = Debug|Any CPU
		{A1B2C3D4-5E6F-7A8B-9C0D-1E2F3A4B5C6D}.Release|Any CPU.ActiveCfg = Release|Any CPU
		{A1B2C3D4-5E6F-7A8B-9C0D-1E2F3A4B5C6D}.Release|Any CPU.Build.0 = Release|Any CPU
		{A1B2C3D4-5E6F-7A8B-9C0D-1E2F3A4B5C6D}.Release|x64.ActiveCfg = Release|Any CPU
		{A1B2C3D4-5E6F-7A8B-9C0D-1E2F3A4B5C6D}.Release|x64.Build.0 = Release|Any CPU
		{A1B2C3D4-5E6F-7A8B-9C0D-1E2F3A4B5C6D}.Release|x86.ActiveCfg = Release|Any CPU
		{A1B2C3D4-5E6F-7A8B-9C0D-1E2F3A4B5C6D}.Release|x86.Build.0 = Release|Any CPU
		{66819D42-F288-415E-B1F1-3AE9F0C0828E}.Debug|Any CPU.ActiveCfg = Debug|Any CPU
		{66819D42-F288-415E-B1F1-3AE9F0C0828E}.Debug|Any CPU.Build.0 = Debug|Any CPU
		{66819D42-F288-415E-B1F1-3AE9F0C0828E}.Debug|x64.ActiveCfg = Debug|Any CPU
		{66819D42-F288-415E-B1F1-3AE9F0C0828E}.Debug|x64.Build.0 = Debug|Any CPU
		{66819D42-F288-415E-B1F1-3AE9F0C0828E}.Debug|x86.ActiveCfg = Debug|Any CPU
		{66819D42-F288-415E-B1F1-3AE9F0C0828E}.Debug|x86.Build.0 = Debug|Any CPU
		{66819D42-F288-415E-B1F1-3AE9F0C0828E}.Release|Any CPU.ActiveCfg = Release|Any CPU
		{66819D42-F288-415E-B1F1-3AE9F0C0828E}.Release|Any CPU.Build.0 = Release|Any CPU
		{66819D42-F288-415E-B1F1-3AE9F0C0828E}.Release|x64.ActiveCfg = Release|Any CPU
		{66819D42-F288-415E-B1F1-3AE9F0C0828E}.Release|x64.Build.0 = Release|Any CPU
		{66819D42-F288-415E-B1F1-3AE9F0C0828E}.Release|x86.ActiveCfg = Release|Any CPU
		{66819D42-F288-415E-B1F1-3AE9F0C0828E}.Release|x86.Build.0 = Release|Any CPU
		{18882927-196A-48FB-8F9A-1E0823DA02A4}.Debug|Any CPU.ActiveCfg = Debug|Any CPU
		{18882927-196A-48FB-8F9A-1E0823DA02A4}.Debug|Any CPU.Build.0 = Debug|Any CPU
		{18882927-196A-48FB-8F9A-1E0823DA02A4}.Debug|x64.ActiveCfg = Debug|Any CPU
		{18882927-196A-48FB-8F9A-1E0823DA02A4}.Debug|x64.Build.0 = Debug|Any CPU
		{18882927-196A-48FB-8F9A-1E0823DA02A4}.Debug|x86.ActiveCfg = Debug|Any CPU
		{18882927-196A-48FB-8F9A-1E0823DA02A4}.Debug|x86.Build.0 = Debug|Any CPU
		{18882927-196A-48FB-8F9A-1E0823DA02A4}.Release|Any CPU.ActiveCfg = Release|Any CPU
		{18882927-196A-48FB-8F9A-1E0823DA02A4}.Release|Any CPU.Build.0 = Release|Any CPU
		{18882927-196A-48FB-8F9A-1E0823DA02A4}.Release|x64.ActiveCfg = Release|Any CPU
		{18882927-196A-48FB-8F9A-1E0823DA02A4}.Release|x64.Build.0 = Release|Any CPU
		{18882927-196A-48FB-8F9A-1E0823DA02A4}.Release|x86.ActiveCfg = Release|Any CPU
		{18882927-196A-48FB-8F9A-1E0823DA02A4}.Release|x86.Build.0 = Release|Any CPU
		{C1D2E3F4-5A6B-7C8D-9E0F-1A2B3C4D5E6F}.Debug|Any CPU.ActiveCfg = Debug|Any CPU
		{C1D2E3F4-5A6B-7C8D-9E0F-1A2B3C4D5E6F}.Debug|Any CPU.Build.0 = Debug|Any CPU
		{C1D2E3F4-5A6B-7C8D-9E0F-1A2B3C4D5E6F}.Debug|x64.ActiveCfg = Debug|Any CPU
		{C1D2E3F4-5A6B-7C8D-9E0F-1A2B3C4D5E6F}.Debug|x64.Build.0 = Debug|Any CPU
		{C1D2E3F4-5A6B-7C8D-9E0F-1A2B3C4D5E6F}.Debug|x86.ActiveCfg = Debug|Any CPU
		{C1D2E3F4-5A6B-7C8D-9E0F-1A2B3C4D5E6F}.Debug|x86.Build.0 = Debug|Any CPU
		{C1D2E3F4-5A6B-7C8D-9E0F-1A2B3C4D5E6F}.Release|Any CPU.ActiveCfg = Release|Any CPU
		{C1D2E3F4-5A6B-7C8D-9E0F-1A2B3C4D5E6F}.Release|Any CPU.Build.0 = Release|Any CPU
		{C1D2E3F4-5A6B-7C8D-9E0F-1A2B3C4D5E6F}.Release|x64.ActiveCfg = Release|Any CPU
		{C1D2E3F4-5A6B-7C8D-9E0F-1A2B3C4D5E6F}.Release|x64.Build.0 = Release|Any CPU
		{C1D2E3F4-5A6B-7C8D-9E0F-1A2B3C4D5E6F}.Release|x86.ActiveCfg = Release|Any CPU
		{C1D2E3F4-5A6B-7C8D-9E0F-1A2B3C4D5E6F}.Release|x86.Build.0 = Release|Any CPU
		{D4E757D1-D022-4624-B3E1-64262FA0C55F}.Debug|Any CPU.ActiveCfg = Debug|Any CPU
		{D4E757D1-D022-4624-B3E1-64262FA0C55F}.Debug|Any CPU.Build.0 = Debug|Any CPU
		{D4E757D1-D022-4624-B3E1-64262FA0C55F}.Debug|x64.ActiveCfg = Debug|Any CPU
		{D4E757D1-D022-4624-B3E1-64262FA0C55F}.Debug|x64.Build.0 = Debug|Any CPU
		{D4E757D1-D022-4624-B3E1-64262FA0C55F}.Debug|x86.ActiveCfg = Debug|Any CPU
		{D4E757D1-D022-4624-B3E1-64262FA0C55F}.Debug|x86.Build.0 = Debug|Any CPU
		{D4E757D1-D022-4624-B3E1-64262FA0C55F}.Release|Any CPU.ActiveCfg = Release|Any CPU
		{D4E757D1-D022-4624-B3E1-64262FA0C55F}.Release|Any CPU.Build.0 = Release|Any CPU
		{D4E757D1-D022-4624-B3E1-64262FA0C55F}.Release|x64.ActiveCfg = Release|Any CPU
		{D4E757D1-D022-4624-B3E1-64262FA0C55F}.Release|x64.Build.0 = Release|Any CPU
		{D4E757D1-D022-4624-B3E1-64262FA0C55F}.Release|x86.ActiveCfg = Release|Any CPU
		{D4E757D1-D022-4624-B3E1-64262FA0C55F}.Release|x86.Build.0 = Release|Any CPU
		{33770ED3-9D15-474F-9D05-0B9A651FC8E6}.Debug|Any CPU.ActiveCfg = Debug|Any CPU
		{33770ED3-9D15-474F-9D05-0B9A651FC8E6}.Debug|Any CPU.Build.0 = Debug|Any CPU
		{33770ED3-9D15-474F-9D05-0B9A651FC8E6}.Debug|x64.ActiveCfg = Debug|Any CPU
		{33770ED3-9D15-474F-9D05-0B9A651FC8E6}.Debug|x64.Build.0 = Debug|Any CPU
		{33770ED3-9D15-474F-9D05-0B9A651FC8E6}.Debug|x86.ActiveCfg = Debug|Any CPU
		{33770ED3-9D15-474F-9D05-0B9A651FC8E6}.Debug|x86.Build.0 = Debug|Any CPU
		{33770ED3-9D15-474F-9D05-0B9A651FC8E6}.Release|Any CPU.ActiveCfg = Release|Any CPU
		{33770ED3-9D15-474F-9D05-0B9A651FC8E6}.Release|Any CPU.Build.0 = Release|Any CPU
		{33770ED3-9D15-474F-9D05-0B9A651FC8E6}.Release|x64.ActiveCfg = Release|Any CPU
		{33770ED3-9D15-474F-9D05-0B9A651FC8E6}.Release|x64.Build.0 = Release|Any CPU
		{33770ED3-9D15-474F-9D05-0B9A651FC8E6}.Release|x86.ActiveCfg = Release|Any CPU
		{33770ED3-9D15-474F-9D05-0B9A651FC8E6}.Release|x86.Build.0 = Release|Any CPU
		{E1F2A3B4-C5D6-7E8F-9A0B-1C2D3E4F5A6B}.Debug|Any CPU.ActiveCfg = Debug|Any CPU
		{E1F2A3B4-C5D6-7E8F-9A0B-1C2D3E4F5A6B}.Debug|Any CPU.Build.0 = Debug|Any CPU
		{E1F2A3B4-C5D6-7E8F-9A0B-1C2D3E4F5A6B}.Debug|x64.ActiveCfg = Debug|Any CPU
		{E1F2A3B4-C5D6-7E8F-9A0B-1C2D3E4F5A6B}.Debug|x64.Build.0 = Debug|Any CPU
		{E1F2A3B4-C5D6-7E8F-9A0B-1C2D3E4F5A6B}.Debug|x86.ActiveCfg = Debug|Any CPU
		{E1F2A3B4-C5D6-7E8F-9A0B-1C2D3E4F5A6B}.Debug|x86.Build.0 = Debug|Any CPU
		{E1F2A3B4-C5D6-7E8F-9A0B-1C2D3E4F5A6B}.Release|Any CPU.ActiveCfg = Release|Any CPU
		{E1F2A3B4-C5D6-7E8F-9A0B-1C2D3E4F5A6B}.Release|Any CPU.Build.0 = Release|Any CPU
		{E1F2A3B4-C5D6-7E8F-9A0B-1C2D3E4F5A6B}.Release|x64.ActiveCfg = Release|Any CPU
		{E1F2A3B4-C5D6-7E8F-9A0B-1C2D3E4F5A6B}.Release|x64.Build.0 = Release|Any CPU
		{E1F2A3B4-C5D6-7E8F-9A0B-1C2D3E4F5A6B}.Release|x86.ActiveCfg = Release|Any CPU
		{E1F2A3B4-C5D6-7E8F-9A0B-1C2D3E4F5A6B}.Release|x86.Build.0 = Release|Any CPU
		{D370F1C9-A05E-44A8-6505-DBE4CB6642F7}.Debug|Any CPU.ActiveCfg = Debug|Any CPU
		{D370F1C9-A05E-44A8-6505-DBE4CB6642F7}.Debug|Any CPU.Build.0 = Debug|Any CPU
		{D370F1C9-A05E-44A8-6505-DBE4CB6642F7}.Debug|x64.ActiveCfg = Debug|Any CPU
		{D370F1C9-A05E-44A8-6505-DBE4CB6642F7}.Debug|x64.Build.0 = Debug|Any CPU
		{D370F1C9-A05E-44A8-6505-DBE4CB6642F7}.Debug|x86.ActiveCfg = Debug|Any CPU
		{D370F1C9-A05E-44A8-6505-DBE4CB6642F7}.Debug|x86.Build.0 = Debug|Any CPU
		{D370F1C9-A05E-44A8-6505-DBE4CB6642F7}.Release|Any CPU.ActiveCfg = Release|Any CPU
		{D370F1C9-A05E-44A8-6505-DBE4CB6642F7}.Release|Any CPU.Build.0 = Release|Any CPU
		{D370F1C9-A05E-44A8-6505-DBE4CB6642F7}.Release|x64.ActiveCfg = Release|Any CPU
		{D370F1C9-A05E-44A8-6505-DBE4CB6642F7}.Release|x64.Build.0 = Release|Any CPU
		{D370F1C9-A05E-44A8-6505-DBE4CB6642F7}.Release|x86.ActiveCfg = Release|Any CPU
		{D370F1C9-A05E-44A8-6505-DBE4CB6642F7}.Release|x86.Build.0 = Release|Any CPU
		{E033DAF5-4741-423A-B3CD-37D60FBD93ED}.Debug|Any CPU.ActiveCfg = Debug|Any CPU
		{E033DAF5-4741-423A-B3CD-37D60FBD93ED}.Debug|Any CPU.Build.0 = Debug|Any CPU
		{E033DAF5-4741-423A-B3CD-37D60FBD93ED}.Debug|x64.ActiveCfg = Debug|Any CPU
		{E033DAF5-4741-423A-B3CD-37D60FBD93ED}.Debug|x64.Build.0 = Debug|Any CPU
		{E033DAF5-4741-423A-B3CD-37D60FBD93ED}.Debug|x86.ActiveCfg = Debug|Any CPU
		{E033DAF5-4741-423A-B3CD-37D60FBD93ED}.Debug|x86.Build.0 = Debug|Any CPU
		{E033DAF5-4741-423A-B3CD-37D60FBD93ED}.Release|Any CPU.ActiveCfg = Release|Any CPU
		{E033DAF5-4741-423A-B3CD-37D60FBD93ED}.Release|Any CPU.Build.0 = Release|Any CPU
		{E033DAF5-4741-423A-B3CD-37D60FBD93ED}.Release|x64.ActiveCfg = Release|Any CPU
		{E033DAF5-4741-423A-B3CD-37D60FBD93ED}.Release|x64.Build.0 = Release|Any CPU
		{E033DAF5-4741-423A-B3CD-37D60FBD93ED}.Release|x86.ActiveCfg = Release|Any CPU
		{E033DAF5-4741-423A-B3CD-37D60FBD93ED}.Release|x86.Build.0 = Release|Any CPU
		{11359F89-59B7-E251-FC8F-D8A95313CA91}.Debug|Any CPU.ActiveCfg = Debug|Any CPU
		{11359F89-59B7-E251-FC8F-D8A95313CA91}.Debug|Any CPU.Build.0 = Debug|Any CPU
		{11359F89-59B7-E251-FC8F-D8A95313CA91}.Debug|x64.ActiveCfg = Debug|Any CPU
		{11359F89-59B7-E251-FC8F-D8A95313CA91}.Debug|x64.Build.0 = Debug|Any CPU
		{11359F89-59B7-E251-FC8F-D8A95313CA91}.Debug|x86.ActiveCfg = Debug|Any CPU
		{11359F89-59B7-E251-FC8F-D8A95313CA91}.Debug|x86.Build.0 = Debug|Any CPU
		{11359F89-59B7-E251-FC8F-D8A95313CA91}.Release|Any CPU.ActiveCfg = Release|Any CPU
		{11359F89-59B7-E251-FC8F-D8A95313CA91}.Release|Any CPU.Build.0 = Release|Any CPU
		{11359F89-59B7-E251-FC8F-D8A95313CA91}.Release|x64.ActiveCfg = Release|Any CPU
		{11359F89-59B7-E251-FC8F-D8A95313CA91}.Release|x64.Build.0 = Release|Any CPU
		{11359F89-59B7-E251-FC8F-D8A95313CA91}.Release|x86.ActiveCfg = Release|Any CPU
		{11359F89-59B7-E251-FC8F-D8A95313CA91}.Release|x86.Build.0 = Release|Any CPU
		{A0C49171-D013-CE79-41C2-2B01E3F6E0BF}.Debug|Any CPU.ActiveCfg = Debug|Any CPU
		{A0C49171-D013-CE79-41C2-2B01E3F6E0BF}.Debug|Any CPU.Build.0 = Debug|Any CPU
		{A0C49171-D013-CE79-41C2-2B01E3F6E0BF}.Debug|x64.ActiveCfg = Debug|Any CPU
		{A0C49171-D013-CE79-41C2-2B01E3F6E0BF}.Debug|x64.Build.0 = Debug|Any CPU
		{A0C49171-D013-CE79-41C2-2B01E3F6E0BF}.Debug|x86.ActiveCfg = Debug|Any CPU
		{A0C49171-D013-CE79-41C2-2B01E3F6E0BF}.Debug|x86.Build.0 = Debug|Any CPU
		{A0C49171-D013-CE79-41C2-2B01E3F6E0BF}.Release|Any CPU.ActiveCfg = Release|Any CPU
		{A0C49171-D013-CE79-41C2-2B01E3F6E0BF}.Release|Any CPU.Build.0 = Release|Any CPU
		{A0C49171-D013-CE79-41C2-2B01E3F6E0BF}.Release|x64.ActiveCfg = Release|Any CPU
		{A0C49171-D013-CE79-41C2-2B01E3F6E0BF}.Release|x64.Build.0 = Release|Any CPU
		{A0C49171-D013-CE79-41C2-2B01E3F6E0BF}.Release|x86.ActiveCfg = Release|Any CPU
		{A0C49171-D013-CE79-41C2-2B01E3F6E0BF}.Release|x86.Build.0 = Release|Any CPU
		{800EBE19-FE8B-EBD4-D5F7-AFB27C1755A0}.Debug|Any CPU.ActiveCfg = Debug|Any CPU
		{800EBE19-FE8B-EBD4-D5F7-AFB27C1755A0}.Debug|Any CPU.Build.0 = Debug|Any CPU
		{800EBE19-FE8B-EBD4-D5F7-AFB27C1755A0}.Debug|x64.ActiveCfg = Debug|Any CPU
		{800EBE19-FE8B-EBD4-D5F7-AFB27C1755A0}.Debug|x64.Build.0 = Debug|Any CPU
		{800EBE19-FE8B-EBD4-D5F7-AFB27C1755A0}.Debug|x86.ActiveCfg = Debug|Any CPU
		{800EBE19-FE8B-EBD4-D5F7-AFB27C1755A0}.Debug|x86.Build.0 = Debug|Any CPU
		{800EBE19-FE8B-EBD4-D5F7-AFB27C1755A0}.Release|Any CPU.ActiveCfg = Release|Any CPU
		{800EBE19-FE8B-EBD4-D5F7-AFB27C1755A0}.Release|Any CPU.Build.0 = Release|Any CPU
		{800EBE19-FE8B-EBD4-D5F7-AFB27C1755A0}.Release|x64.ActiveCfg = Release|Any CPU
		{800EBE19-FE8B-EBD4-D5F7-AFB27C1755A0}.Release|x64.Build.0 = Release|Any CPU
		{800EBE19-FE8B-EBD4-D5F7-AFB27C1755A0}.Release|x86.ActiveCfg = Release|Any CPU
		{800EBE19-FE8B-EBD4-D5F7-AFB27C1755A0}.Release|x86.Build.0 = Release|Any CPU
		{5E39577A-E286-45E9-9801-E8DC8F81ED7D}.Debug|Any CPU.ActiveCfg = Debug|Any CPU
		{5E39577A-E286-45E9-9801-E8DC8F81ED7D}.Debug|Any CPU.Build.0 = Debug|Any CPU
		{5E39577A-E286-45E9-9801-E8DC8F81ED7D}.Debug|x64.ActiveCfg = Debug|Any CPU
		{5E39577A-E286-45E9-9801-E8DC8F81ED7D}.Debug|x64.Build.0 = Debug|Any CPU
		{5E39577A-E286-45E9-9801-E8DC8F81ED7D}.Debug|x86.ActiveCfg = Debug|Any CPU
		{5E39577A-E286-45E9-9801-E8DC8F81ED7D}.Debug|x86.Build.0 = Debug|Any CPU
		{5E39577A-E286-45E9-9801-E8DC8F81ED7D}.Release|Any CPU.ActiveCfg = Release|Any CPU
		{5E39577A-E286-45E9-9801-E8DC8F81ED7D}.Release|Any CPU.Build.0 = Release|Any CPU
		{5E39577A-E286-45E9-9801-E8DC8F81ED7D}.Release|x64.ActiveCfg = Release|Any CPU
		{5E39577A-E286-45E9-9801-E8DC8F81ED7D}.Release|x64.Build.0 = Release|Any CPU
		{5E39577A-E286-45E9-9801-E8DC8F81ED7D}.Release|x86.ActiveCfg = Release|Any CPU
		{5E39577A-E286-45E9-9801-E8DC8F81ED7D}.Release|x86.Build.0 = Release|Any CPU
		{A55A128B-6E04-4FC5-A3FF-6F05F111FECA}.Debug|Any CPU.ActiveCfg = Debug|Any CPU
		{A55A128B-6E04-4FC5-A3FF-6F05F111FECA}.Debug|Any CPU.Build.0 = Debug|Any CPU
		{A55A128B-6E04-4FC5-A3FF-6F05F111FECA}.Debug|x64.ActiveCfg = Debug|Any CPU
		{A55A128B-6E04-4FC5-A3FF-6F05F111FECA}.Debug|x64.Build.0 = Debug|Any CPU
		{A55A128B-6E04-4FC5-A3FF-6F05F111FECA}.Debug|x86.ActiveCfg = Debug|Any CPU
		{A55A128B-6E04-4FC5-A3FF-6F05F111FECA}.Debug|x86.Build.0 = Debug|Any CPU
		{A55A128B-6E04-4FC5-A3FF-6F05F111FECA}.Release|Any CPU.ActiveCfg = Release|Any CPU
		{A55A128B-6E04-4FC5-A3FF-6F05F111FECA}.Release|Any CPU.Build.0 = Release|Any CPU
		{A55A128B-6E04-4FC5-A3FF-6F05F111FECA}.Release|x64.ActiveCfg = Release|Any CPU
		{A55A128B-6E04-4FC5-A3FF-6F05F111FECA}.Release|x64.Build.0 = Release|Any CPU
		{A55A128B-6E04-4FC5-A3FF-6F05F111FECA}.Release|x86.ActiveCfg = Release|Any CPU
		{A55A128B-6E04-4FC5-A3FF-6F05F111FECA}.Release|x86.Build.0 = Release|Any CPU
		{2EC01CCD-F0B2-8532-CA9A-39C43D04299C}.Debug|Any CPU.ActiveCfg = Debug|Any CPU
		{2EC01CCD-F0B2-8532-CA9A-39C43D04299C}.Debug|Any CPU.Build.0 = Debug|Any CPU
		{2EC01CCD-F0B2-8532-CA9A-39C43D04299C}.Debug|x64.ActiveCfg = Debug|Any CPU
		{2EC01CCD-F0B2-8532-CA9A-39C43D04299C}.Debug|x64.Build.0 = Debug|Any CPU
		{2EC01CCD-F0B2-8532-CA9A-39C43D04299C}.Debug|x86.ActiveCfg = Debug|Any CPU
		{2EC01CCD-F0B2-8532-CA9A-39C43D04299C}.Debug|x86.Build.0 = Debug|Any CPU
		{2EC01CCD-F0B2-8532-CA9A-39C43D04299C}.Release|Any CPU.ActiveCfg = Release|Any CPU
		{2EC01CCD-F0B2-8532-CA9A-39C43D04299C}.Release|Any CPU.Build.0 = Release|Any CPU
		{2EC01CCD-F0B2-8532-CA9A-39C43D04299C}.Release|x64.ActiveCfg = Release|Any CPU
		{2EC01CCD-F0B2-8532-CA9A-39C43D04299C}.Release|x64.Build.0 = Release|Any CPU
		{2EC01CCD-F0B2-8532-CA9A-39C43D04299C}.Release|x86.ActiveCfg = Release|Any CPU
		{2EC01CCD-F0B2-8532-CA9A-39C43D04299C}.Release|x86.Build.0 = Release|Any CPU
		{191F9E9C-F6D0-4E53-AFBC-FE3408929B22}.Debug|Any CPU.ActiveCfg = Debug|Any CPU
		{191F9E9C-F6D0-4E53-AFBC-FE3408929B22}.Debug|Any CPU.Build.0 = Debug|Any CPU
		{191F9E9C-F6D0-4E53-AFBC-FE3408929B22}.Debug|x64.ActiveCfg = Debug|Any CPU
		{191F9E9C-F6D0-4E53-AFBC-FE3408929B22}.Debug|x64.Build.0 = Debug|Any CPU
		{191F9E9C-F6D0-4E53-AFBC-FE3408929B22}.Debug|x86.ActiveCfg = Debug|Any CPU
		{191F9E9C-F6D0-4E53-AFBC-FE3408929B22}.Debug|x86.Build.0 = Debug|Any CPU
		{191F9E9C-F6D0-4E53-AFBC-FE3408929B22}.Release|Any CPU.ActiveCfg = Release|Any CPU
		{191F9E9C-F6D0-4E53-AFBC-FE3408929B22}.Release|Any CPU.Build.0 = Release|Any CPU
		{191F9E9C-F6D0-4E53-AFBC-FE3408929B22}.Release|x64.ActiveCfg = Release|Any CPU
		{191F9E9C-F6D0-4E53-AFBC-FE3408929B22}.Release|x64.Build.0 = Release|Any CPU
		{191F9E9C-F6D0-4E53-AFBC-FE3408929B22}.Release|x86.ActiveCfg = Release|Any CPU
		{191F9E9C-F6D0-4E53-AFBC-FE3408929B22}.Release|x86.Build.0 = Release|Any CPU
		{B69161E1-B817-4AC6-80C9-1573921AD92E}.Debug|Any CPU.ActiveCfg = Debug|Any CPU
		{B69161E1-B817-4AC6-80C9-1573921AD92E}.Debug|Any CPU.Build.0 = Debug|Any CPU
		{B69161E1-B817-4AC6-80C9-1573921AD92E}.Debug|x64.ActiveCfg = Debug|Any CPU
		{B69161E1-B817-4AC6-80C9-1573921AD92E}.Debug|x64.Build.0 = Debug|Any CPU
		{B69161E1-B817-4AC6-80C9-1573921AD92E}.Debug|x86.ActiveCfg = Debug|Any CPU
		{B69161E1-B817-4AC6-80C9-1573921AD92E}.Debug|x86.Build.0 = Debug|Any CPU
		{B69161E1-B817-4AC6-80C9-1573921AD92E}.Release|Any CPU.ActiveCfg = Release|Any CPU
		{B69161E1-B817-4AC6-80C9-1573921AD92E}.Release|Any CPU.Build.0 = Release|Any CPU
		{B69161E1-B817-4AC6-80C9-1573921AD92E}.Release|x64.ActiveCfg = Release|Any CPU
		{B69161E1-B817-4AC6-80C9-1573921AD92E}.Release|x64.Build.0 = Release|Any CPU
		{B69161E1-B817-4AC6-80C9-1573921AD92E}.Release|x86.ActiveCfg = Release|Any CPU
		{B69161E1-B817-4AC6-80C9-1573921AD92E}.Release|x86.Build.0 = Release|Any CPU
		{EE24D42F-2F9B-46E2-9553-52F593778DB4}.Debug|Any CPU.ActiveCfg = Debug|Any CPU
		{EE24D42F-2F9B-46E2-9553-52F593778DB4}.Debug|Any CPU.Build.0 = Debug|Any CPU
		{EE24D42F-2F9B-46E2-9553-52F593778DB4}.Debug|x64.ActiveCfg = Debug|Any CPU
		{EE24D42F-2F9B-46E2-9553-52F593778DB4}.Debug|x64.Build.0 = Debug|Any CPU
		{EE24D42F-2F9B-46E2-9553-52F593778DB4}.Debug|x86.ActiveCfg = Debug|Any CPU
		{EE24D42F-2F9B-46E2-9553-52F593778DB4}.Debug|x86.Build.0 = Debug|Any CPU
		{EE24D42F-2F9B-46E2-9553-52F593778DB4}.Release|Any CPU.ActiveCfg = Release|Any CPU
		{EE24D42F-2F9B-46E2-9553-52F593778DB4}.Release|Any CPU.Build.0 = Release|Any CPU
		{EE24D42F-2F9B-46E2-9553-52F593778DB4}.Release|x64.ActiveCfg = Release|Any CPU
		{EE24D42F-2F9B-46E2-9553-52F593778DB4}.Release|x64.Build.0 = Release|Any CPU
		{EE24D42F-2F9B-46E2-9553-52F593778DB4}.Release|x86.ActiveCfg = Release|Any CPU
		{EE24D42F-2F9B-46E2-9553-52F593778DB4}.Release|x86.Build.0 = Release|Any CPU
		{86817894-A846-48B1-9A96-E873B7E60B84}.Debug|Any CPU.ActiveCfg = Debug|Any CPU
		{86817894-A846-48B1-9A96-E873B7E60B84}.Debug|Any CPU.Build.0 = Debug|Any CPU
		{86817894-A846-48B1-9A96-E873B7E60B84}.Debug|x64.ActiveCfg = Debug|Any CPU
		{86817894-A846-48B1-9A96-E873B7E60B84}.Debug|x64.Build.0 = Debug|Any CPU
		{86817894-A846-48B1-9A96-E873B7E60B84}.Debug|x86.ActiveCfg = Debug|Any CPU
		{86817894-A846-48B1-9A96-E873B7E60B84}.Debug|x86.Build.0 = Debug|Any CPU
		{86817894-A846-48B1-9A96-E873B7E60B84}.Release|Any CPU.ActiveCfg = Release|Any CPU
		{86817894-A846-48B1-9A96-E873B7E60B84}.Release|Any CPU.Build.0 = Release|Any CPU
		{86817894-A846-48B1-9A96-E873B7E60B84}.Release|x64.ActiveCfg = Release|Any CPU
		{86817894-A846-48B1-9A96-E873B7E60B84}.Release|x64.Build.0 = Release|Any CPU
		{86817894-A846-48B1-9A96-E873B7E60B84}.Release|x86.ActiveCfg = Release|Any CPU
		{86817894-A846-48B1-9A96-E873B7E60B84}.Release|x86.Build.0 = Release|Any CPU
		{6C810140-12F9-C7E1-0BB3-7DDC66CD16A8}.Debug|Any CPU.ActiveCfg = Debug|Any CPU
		{6C810140-12F9-C7E1-0BB3-7DDC66CD16A8}.Debug|Any CPU.Build.0 = Debug|Any CPU
		{6C810140-12F9-C7E1-0BB3-7DDC66CD16A8}.Debug|x64.ActiveCfg = Debug|Any CPU
		{6C810140-12F9-C7E1-0BB3-7DDC66CD16A8}.Debug|x64.Build.0 = Debug|Any CPU
		{6C810140-12F9-C7E1-0BB3-7DDC66CD16A8}.Debug|x86.ActiveCfg = Debug|Any CPU
		{6C810140-12F9-C7E1-0BB3-7DDC66CD16A8}.Debug|x86.Build.0 = Debug|Any CPU
		{6C810140-12F9-C7E1-0BB3-7DDC66CD16A8}.Release|Any CPU.ActiveCfg = Release|Any CPU
		{6C810140-12F9-C7E1-0BB3-7DDC66CD16A8}.Release|Any CPU.Build.0 = Release|Any CPU
		{6C810140-12F9-C7E1-0BB3-7DDC66CD16A8}.Release|x64.ActiveCfg = Release|Any CPU
		{6C810140-12F9-C7E1-0BB3-7DDC66CD16A8}.Release|x64.Build.0 = Release|Any CPU
		{6C810140-12F9-C7E1-0BB3-7DDC66CD16A8}.Release|x86.ActiveCfg = Release|Any CPU
		{6C810140-12F9-C7E1-0BB3-7DDC66CD16A8}.Release|x86.Build.0 = Release|Any CPU
		{BA9BD85D-33BD-49F8-B90D-5B0D280E6596}.Debug|Any CPU.ActiveCfg = Debug|Any CPU
		{BA9BD85D-33BD-49F8-B90D-5B0D280E6596}.Debug|Any CPU.Build.0 = Debug|Any CPU
		{BA9BD85D-33BD-49F8-B90D-5B0D280E6596}.Debug|x64.ActiveCfg = Debug|Any CPU
		{BA9BD85D-33BD-49F8-B90D-5B0D280E6596}.Debug|x64.Build.0 = Debug|Any CPU
		{BA9BD85D-33BD-49F8-B90D-5B0D280E6596}.Debug|x86.ActiveCfg = Debug|Any CPU
		{BA9BD85D-33BD-49F8-B90D-5B0D280E6596}.Debug|x86.Build.0 = Debug|Any CPU
		{BA9BD85D-33BD-49F8-B90D-5B0D280E6596}.Release|Any CPU.ActiveCfg = Release|Any CPU
		{BA9BD85D-33BD-49F8-B90D-5B0D280E6596}.Release|Any CPU.Build.0 = Release|Any CPU
		{BA9BD85D-33BD-49F8-B90D-5B0D280E6596}.Release|x64.ActiveCfg = Release|Any CPU
		{BA9BD85D-33BD-49F8-B90D-5B0D280E6596}.Release|x64.Build.0 = Release|Any CPU
		{BA9BD85D-33BD-49F8-B90D-5B0D280E6596}.Release|x86.ActiveCfg = Release|Any CPU
		{BA9BD85D-33BD-49F8-B90D-5B0D280E6596}.Release|x86.Build.0 = Release|Any CPU
		{1D334C96-BFBA-46EC-9A2B-AA5E90C41E57}.Debug|Any CPU.ActiveCfg = Debug|Any CPU
		{1D334C96-BFBA-46EC-9A2B-AA5E90C41E57}.Debug|Any CPU.Build.0 = Debug|Any CPU
		{1D334C96-BFBA-46EC-9A2B-AA5E90C41E57}.Debug|x64.ActiveCfg = Debug|Any CPU
		{1D334C96-BFBA-46EC-9A2B-AA5E90C41E57}.Debug|x64.Build.0 = Debug|Any CPU
		{1D334C96-BFBA-46EC-9A2B-AA5E90C41E57}.Debug|x86.ActiveCfg = Debug|Any CPU
		{1D334C96-BFBA-46EC-9A2B-AA5E90C41E57}.Debug|x86.Build.0 = Debug|Any CPU
		{1D334C96-BFBA-46EC-9A2B-AA5E90C41E57}.Release|Any CPU.ActiveCfg = Release|Any CPU
		{1D334C96-BFBA-46EC-9A2B-AA5E90C41E57}.Release|Any CPU.Build.0 = Release|Any CPU
		{1D334C96-BFBA-46EC-9A2B-AA5E90C41E57}.Release|x64.ActiveCfg = Release|Any CPU
		{1D334C96-BFBA-46EC-9A2B-AA5E90C41E57}.Release|x64.Build.0 = Release|Any CPU
		{1D334C96-BFBA-46EC-9A2B-AA5E90C41E57}.Release|x86.ActiveCfg = Release|Any CPU
		{1D334C96-BFBA-46EC-9A2B-AA5E90C41E57}.Release|x86.Build.0 = Release|Any CPU
		{DD477170-9204-4E0C-B161-B8922B1BE4FB}.Debug|Any CPU.ActiveCfg = Debug|Any CPU
		{DD477170-9204-4E0C-B161-B8922B1BE4FB}.Debug|Any CPU.Build.0 = Debug|Any CPU
		{DD477170-9204-4E0C-B161-B8922B1BE4FB}.Debug|x64.ActiveCfg = Debug|Any CPU
		{DD477170-9204-4E0C-B161-B8922B1BE4FB}.Debug|x64.Build.0 = Debug|Any CPU
		{DD477170-9204-4E0C-B161-B8922B1BE4FB}.Debug|x86.ActiveCfg = Debug|Any CPU
		{DD477170-9204-4E0C-B161-B8922B1BE4FB}.Debug|x86.Build.0 = Debug|Any CPU
		{DD477170-9204-4E0C-B161-B8922B1BE4FB}.Release|Any CPU.ActiveCfg = Release|Any CPU
		{DD477170-9204-4E0C-B161-B8922B1BE4FB}.Release|Any CPU.Build.0 = Release|Any CPU
		{DD477170-9204-4E0C-B161-B8922B1BE4FB}.Release|x64.ActiveCfg = Release|Any CPU
		{DD477170-9204-4E0C-B161-B8922B1BE4FB}.Release|x64.Build.0 = Release|Any CPU
		{DD477170-9204-4E0C-B161-B8922B1BE4FB}.Release|x86.ActiveCfg = Release|Any CPU
		{DD477170-9204-4E0C-B161-B8922B1BE4FB}.Release|x86.Build.0 = Release|Any CPU
		{8C3F4AB3-AA77-4FAD-AFBA-3AFA8A6CB1D2}.Debug|Any CPU.ActiveCfg = Debug|Any CPU
		{8C3F4AB3-AA77-4FAD-AFBA-3AFA8A6CB1D2}.Debug|Any CPU.Build.0 = Debug|Any CPU
		{8C3F4AB3-AA77-4FAD-AFBA-3AFA8A6CB1D2}.Debug|x64.ActiveCfg = Debug|Any CPU
		{8C3F4AB3-AA77-4FAD-AFBA-3AFA8A6CB1D2}.Debug|x64.Build.0 = Debug|Any CPU
		{8C3F4AB3-AA77-4FAD-AFBA-3AFA8A6CB1D2}.Debug|x86.ActiveCfg = Debug|Any CPU
		{8C3F4AB3-AA77-4FAD-AFBA-3AFA8A6CB1D2}.Debug|x86.Build.0 = Debug|Any CPU
		{8C3F4AB3-AA77-4FAD-AFBA-3AFA8A6CB1D2}.Release|Any CPU.ActiveCfg = Release|Any CPU
		{8C3F4AB3-AA77-4FAD-AFBA-3AFA8A6CB1D2}.Release|Any CPU.Build.0 = Release|Any CPU
		{8C3F4AB3-AA77-4FAD-AFBA-3AFA8A6CB1D2}.Release|x64.ActiveCfg = Release|Any CPU
		{8C3F4AB3-AA77-4FAD-AFBA-3AFA8A6CB1D2}.Release|x64.Build.0 = Release|Any CPU
		{8C3F4AB3-AA77-4FAD-AFBA-3AFA8A6CB1D2}.Release|x86.ActiveCfg = Release|Any CPU
		{8C3F4AB3-AA77-4FAD-AFBA-3AFA8A6CB1D2}.Release|x86.Build.0 = Release|Any CPU
		{9617538E-A35A-46EB-BD0F-31BCB3F4FA88}.Debug|Any CPU.ActiveCfg = Debug|Any CPU
		{9617538E-A35A-46EB-BD0F-31BCB3F4FA88}.Debug|Any CPU.Build.0 = Debug|Any CPU
		{9617538E-A35A-46EB-BD0F-31BCB3F4FA88}.Debug|x64.ActiveCfg = Debug|Any CPU
		{9617538E-A35A-46EB-BD0F-31BCB3F4FA88}.Debug|x64.Build.0 = Debug|Any CPU
		{9617538E-A35A-46EB-BD0F-31BCB3F4FA88}.Debug|x86.ActiveCfg = Debug|Any CPU
		{9617538E-A35A-46EB-BD0F-31BCB3F4FA88}.Debug|x86.Build.0 = Debug|Any CPU
		{9617538E-A35A-46EB-BD0F-31BCB3F4FA88}.Release|Any CPU.ActiveCfg = Release|Any CPU
		{9617538E-A35A-46EB-BD0F-31BCB3F4FA88}.Release|Any CPU.Build.0 = Release|Any CPU
		{9617538E-A35A-46EB-BD0F-31BCB3F4FA88}.Release|x64.ActiveCfg = Release|Any CPU
		{9617538E-A35A-46EB-BD0F-31BCB3F4FA88}.Release|x64.Build.0 = Release|Any CPU
		{9617538E-A35A-46EB-BD0F-31BCB3F4FA88}.Release|x86.ActiveCfg = Release|Any CPU
		{9617538E-A35A-46EB-BD0F-31BCB3F4FA88}.Release|x86.Build.0 = Release|Any CPU
		{1C10B684-44DF-4130-9DD7-AEE00B856F47}.Debug|Any CPU.ActiveCfg = Debug|Any CPU
		{1C10B684-44DF-4130-9DD7-AEE00B856F47}.Debug|Any CPU.Build.0 = Debug|Any CPU
		{1C10B684-44DF-4130-9DD7-AEE00B856F47}.Debug|x64.ActiveCfg = Debug|Any CPU
		{1C10B684-44DF-4130-9DD7-AEE00B856F47}.Debug|x64.Build.0 = Debug|Any CPU
		{1C10B684-44DF-4130-9DD7-AEE00B856F47}.Debug|x86.ActiveCfg = Debug|Any CPU
		{1C10B684-44DF-4130-9DD7-AEE00B856F47}.Debug|x86.Build.0 = Debug|Any CPU
		{1C10B684-44DF-4130-9DD7-AEE00B856F47}.Release|Any CPU.ActiveCfg = Release|Any CPU
		{1C10B684-44DF-4130-9DD7-AEE00B856F47}.Release|Any CPU.Build.0 = Release|Any CPU
		{1C10B684-44DF-4130-9DD7-AEE00B856F47}.Release|x64.ActiveCfg = Release|Any CPU
		{1C10B684-44DF-4130-9DD7-AEE00B856F47}.Release|x64.Build.0 = Release|Any CPU
		{1C10B684-44DF-4130-9DD7-AEE00B856F47}.Release|x86.ActiveCfg = Release|Any CPU
		{1C10B684-44DF-4130-9DD7-AEE00B856F47}.Release|x86.Build.0 = Release|Any CPU
		{5FF09D0D-10A3-4297-8BAC-D35EF71AB9F2}.Debug|Any CPU.ActiveCfg = Debug|Any CPU
		{5FF09D0D-10A3-4297-8BAC-D35EF71AB9F2}.Debug|Any CPU.Build.0 = Debug|Any CPU
		{5FF09D0D-10A3-4297-8BAC-D35EF71AB9F2}.Debug|x64.ActiveCfg = Debug|Any CPU
		{5FF09D0D-10A3-4297-8BAC-D35EF71AB9F2}.Debug|x64.Build.0 = Debug|Any CPU
		{5FF09D0D-10A3-4297-8BAC-D35EF71AB9F2}.Debug|x86.ActiveCfg = Debug|Any CPU
		{5FF09D0D-10A3-4297-8BAC-D35EF71AB9F2}.Debug|x86.Build.0 = Debug|Any CPU
		{5FF09D0D-10A3-4297-8BAC-D35EF71AB9F2}.Release|Any CPU.ActiveCfg = Release|Any CPU
		{5FF09D0D-10A3-4297-8BAC-D35EF71AB9F2}.Release|Any CPU.Build.0 = Release|Any CPU
		{5FF09D0D-10A3-4297-8BAC-D35EF71AB9F2}.Release|x64.ActiveCfg = Release|Any CPU
		{5FF09D0D-10A3-4297-8BAC-D35EF71AB9F2}.Release|x64.Build.0 = Release|Any CPU
		{5FF09D0D-10A3-4297-8BAC-D35EF71AB9F2}.Release|x86.ActiveCfg = Release|Any CPU
		{5FF09D0D-10A3-4297-8BAC-D35EF71AB9F2}.Release|x86.Build.0 = Release|Any CPU
		{39A7A1C0-D389-4064-834E-13A534B3AA06}.Debug|Any CPU.ActiveCfg = Debug|Any CPU
		{39A7A1C0-D389-4064-834E-13A534B3AA06}.Debug|Any CPU.Build.0 = Debug|Any CPU
		{39A7A1C0-D389-4064-834E-13A534B3AA06}.Debug|x64.ActiveCfg = Debug|Any CPU
		{39A7A1C0-D389-4064-834E-13A534B3AA06}.Debug|x64.Build.0 = Debug|Any CPU
		{39A7A1C0-D389-4064-834E-13A534B3AA06}.Debug|x86.ActiveCfg = Debug|Any CPU
		{39A7A1C0-D389-4064-834E-13A534B3AA06}.Debug|x86.Build.0 = Debug|Any CPU
		{39A7A1C0-D389-4064-834E-13A534B3AA06}.Release|Any CPU.ActiveCfg = Release|Any CPU
		{39A7A1C0-D389-4064-834E-13A534B3AA06}.Release|Any CPU.Build.0 = Release|Any CPU
		{39A7A1C0-D389-4064-834E-13A534B3AA06}.Release|x64.ActiveCfg = Release|Any CPU
		{39A7A1C0-D389-4064-834E-13A534B3AA06}.Release|x64.Build.0 = Release|Any CPU
		{39A7A1C0-D389-4064-834E-13A534B3AA06}.Release|x86.ActiveCfg = Release|Any CPU
		{39A7A1C0-D389-4064-834E-13A534B3AA06}.Release|x86.Build.0 = Release|Any CPU
	EndGlobalSection
	GlobalSection(SolutionProperties) = preSolution
		HideSolutionNode = FALSE
	EndGlobalSection
	GlobalSection(NestedProjects) = preSolution
		{9AFD56B5-70A0-475C-B6DA-A664A56ECC66} = {F8B5E3A4-1C2D-4E5F-8B9A-1D2E3F4A5B6C}
		{548DFC3C-950F-4359-93C4-D6DA4707B37A} = {F8B5E3A4-1C2D-4E5F-8B9A-1D2E3F4A5B6C}
		{8DA6C965-F222-48BF-928F-C6F0FD2D4433} = {F8B5E3A4-1C2D-4E5F-8B9A-1D2E3F4A5B6C}
		{2DAABC34-8736-4CAC-B80B-9CD070651121} = {F8B5E3A4-1C2D-4E5F-8B9A-1D2E3F4A5B6C}
		{A1B2C3D4-5E6F-7A8B-9C0D-1E2F3A4B5C6D} = {F8B5E3A4-1C2D-4E5F-8B9A-1D2E3F4A5B6C}
		{66819D42-F288-415E-B1F1-3AE9F0C0828E} = {A1B2C3D4-E5F6-4A7B-8C9D-0E1F2A3B4C5D}
		{18882927-196A-48FB-8F9A-1E0823DA02A4} = {A1B2C3D4-E5F6-4A7B-8C9D-0E1F2A3B4C5D}
		{C1D2E3F4-5A6B-7C8D-9E0F-1A2B3C4D5E6F} = {A1B2C3D4-E5F6-4A7B-8C9D-0E1F2A3B4C5D}
		{D4E757D1-D022-4624-B3E1-64262FA0C55F} = {B2C3D4E5-F6A7-4B8C-9D0E-1F2A3B4C5D6E}
		{33770ED3-9D15-474F-9D05-0B9A651FC8E6} = {B2C3D4E5-F6A7-4B8C-9D0E-1F2A3B4C5D6E}
		{E1F2A3B4-C5D6-7E8F-9A0B-1C2D3E4F5A6B} = {B2C3D4E5-F6A7-4B8C-9D0E-1F2A3B4C5D6E}
		{D370F1C9-A05E-44A8-6505-DBE4CB6642F7} = {A1B2C3D4-E5F6-4A7B-8C9D-0E1F2A3B4C5D}
		{F4AC329D-E0EF-4EC6-A21B-DD74A344A3A5} = {2F8A8533-DAA8-4CF9-A6C0-2F663AF7FD2E}
		{50B921FA-F081-4B7B-A8E0-AF3DCC098CCC} = {2F8A8533-DAA8-4CF9-A6C0-2F663AF7FD2E}
		{1988D03B-D0E7-48E6-B34E-DA0CC959D173} = {2F8A8533-DAA8-4CF9-A6C0-2F663AF7FD2E}
		{E033DAF5-4741-423A-B3CD-37D60FBD93ED} = {F8B5E3A4-1C2D-4E5F-8B9A-1D2E3F4A5B6C}
		{A3546A87-CE5C-44A8-84EE-B5FA96737516} = {50B921FA-F081-4B7B-A8E0-AF3DCC098CCC}
		{B8EFDB5D-C99E-47D5-91E7-251915885AF0} = {A3546A87-CE5C-44A8-84EE-B5FA96737516}
		{11359F89-59B7-E251-FC8F-D8A95313CA91} = {B8EFDB5D-C99E-47D5-91E7-251915885AF0}
		{A0C49171-D013-CE79-41C2-2B01E3F6E0BF} = {F4AC329D-E0EF-4EC6-A21B-DD74A344A3A5}
		{53FBF8A2-0A92-44AD-9CD0-4FBDF7F62C9B} = {2F8A8533-DAA8-4CF9-A6C0-2F663AF7FD2E}
		{800EBE19-FE8B-EBD4-D5F7-AFB27C1755A0} = {A1B2C3D4-E5F6-4A7B-8C9D-0E1F2A3B4C5D}
		{5E39577A-E286-45E9-9801-E8DC8F81ED7D} = {F8B5E3A4-1C2D-4E5F-8B9A-1D2E3F4A5B6C}
		{A55A128B-6E04-4FC5-A3FF-6F05F111FECA} = {A1B2C3D4-E5F6-4A7B-8C9D-0E1F2A3B4C5D}
		{2EC01CCD-F0B2-8532-CA9A-39C43D04299C} = {F8B5E3A4-1C2D-4E5F-8B9A-1D2E3F4A5B6C}
		{191F9E9C-F6D0-4E53-AFBC-FE3408929B22} = {A1B2C3D4-E5F6-4A7B-8C9D-0E1F2A3B4C5D}
		{B69161E1-B817-4AC6-80C9-1573921AD92E} = {F8B5E3A4-1C2D-4E5F-8B9A-1D2E3F4A5B6C}
		{EE24D42F-2F9B-46E2-9553-52F593778DB4} = {F8B5E3A4-1C2D-4E5F-8B9A-1D2E3F4A5B6C}
		{86817894-A846-48B1-9A96-E873B7E60B84} = {A1B2C3D4-E5F6-4A7B-8C9D-0E1F2A3B4C5D}
		{6C810140-12F9-C7E1-0BB3-7DDC66CD16A8} = {F8B5E3A4-1C2D-4E5F-8B9A-1D2E3F4A5B6C}
		{BA9BD85D-33BD-49F8-B90D-5B0D280E6596} = {F8B5E3A4-1C2D-4E5F-8B9A-1D2E3F4A5B6C}
		{1D334C96-BFBA-46EC-9A2B-AA5E90C41E57} = {F8B5E3A4-1C2D-4E5F-8B9A-1D2E3F4A5B6C}
		{DD477170-9204-4E0C-B161-B8922B1BE4FB} = {F8B5E3A4-1C2D-4E5F-8B9A-1D2E3F4A5B6C}
		{8C3F4AB3-AA77-4FAD-AFBA-3AFA8A6CB1D2} = {F8B5E3A4-1C2D-4E5F-8B9A-1D2E3F4A5B6C}
		{9617538E-A35A-46EB-BD0F-31BCB3F4FA88} = {A1B2C3D4-E5F6-4A7B-8C9D-0E1F2A3B4C5D}
		{ADE64136-A476-B27C-8EC3-F370E4C13F04} = {A1B2C3D4-E5F6-4A7B-8C9D-0E1F2A3B4C5D}
		{1C10B684-44DF-4130-9DD7-AEE00B856F47} = {ADE64136-A476-B27C-8EC3-F370E4C13F04}
		{7203E46C-8DA4-FAC9-E59A-991D88538166} = {2F8A8533-DAA8-4CF9-A6C0-2F663AF7FD2E}
		{5FF09D0D-10A3-4297-8BAC-D35EF71AB9F2} = {7203E46C-8DA4-FAC9-E59A-991D88538166}
		{39A7A1C0-D389-4064-834E-13A534B3AA06} = {7203E46C-8DA4-FAC9-E59A-991D88538166}
	EndGlobalSection
	GlobalSection(ExtensibilityGlobals) = postSolution
		SolutionGuid = {F40825F5-26A1-4E85-9D0A-B0121A7ED5F8}
	EndGlobalSection
EndGlobal
